
Microsoft Visual Studio Solution File, Format Version 12.00
# Visual Studio 15
VisualStudioVersion = 15.0.27428.2015
MinimumVisualStudioVersion = 10.0.40219.1
Project("{FAE04EC0-301F-11D3-BF4B-00C04F79EFBC}") = "APLICATIVO", "APLICATIVO\APLICATIVO.csproj", "{47DB427F-5F2A-4DEC-A935-48E8010498E4}"
EndProject
Global
	GlobalSection(SolutionConfigurationPlatforms) = preSolution
		Debug|Any CPU = Debug|Any CPU
		Release|Any CPU = Release|Any CPU
	EndGlobalSection
	GlobalSection(ProjectConfigurationPlatforms) = postSolution
		{47DB427F-5F2A-4DEC-A935-48E8010498E4}.Debug|Any CPU.ActiveCfg = Debug|Any CPU
		{47DB427F-5F2A-4DEC-A935-48E8010498E4}.Debug|Any CPU.Build.0 = Debug|Any CPU
		{47DB427F-5F2A-4DEC-A935-48E8010498E4}.Release|Any CPU.ActiveCfg = Release|Any CPU
		{47DB427F-5F2A-4DEC-A935-48E8010498E4}.Release|Any CPU.Build.0 = Release|Any CPU
	EndGlobalSection
	GlobalSection(SolutionProperties) = preSolution
		HideSolutionNode = FALSE
	EndGlobalSection
	GlobalSection(ExtensibilityGlobals) = postSolution
		SolutionGuid = {200A33BA-4F36-487F-A4A0-78B1CECCCFDE}
	EndGlobalSection
EndGlobal
